
Microsoft Visual Studio Solution File, Format Version 12.00
# Visual Studio Version 17
VisualStudioVersion = 17.7.34003.232
MinimumVisualStudioVersion = 10.0.40219.1
Project("{FAE04EC0-301F-11D3-BF4B-00C04F79EFBC}") = "UniaoVetores", "UniaoVetores.csproj", "{6753A290-3643-43DD-9723-FA88A0CE9C1A}"
EndProject
Global
	GlobalSection(SolutionConfigurationPlatforms) = preSolution
		Debug|Any CPU = Debug|Any CPU
		Release|Any CPU = Release|Any CPU
	EndGlobalSection
	GlobalSection(ProjectConfigurationPlatforms) = postSolution
		{6753A290-3643-43DD-9723-FA88A0CE9C1A}.Debug|Any CPU.ActiveCfg = Debug|Any CPU
		{6753A290-3643-43DD-9723-FA88A0CE9C1A}.Debug|Any CPU.Build.0 = Debug|Any CPU
		{6753A290-3643-43DD-9723-FA88A0CE9C1A}.Release|Any CPU.ActiveCfg = Release|Any CPU
		{6753A290-3643-43DD-9723-FA88A0CE9C1A}.Release|Any CPU.Build.0 = Release|Any CPU
	EndGlobalSection
	GlobalSection(SolutionProperties) = preSolution
		HideSolutionNode = FALSE
	EndGlobalSection
	GlobalSection(ExtensibilityGlobals) = postSolution
		SolutionGuid = {36302972-1964-4C79-A27A-A9322EF6350E}
	EndGlobalSection
EndGlobal
